dependencies:
  78/esp-ml307:
    component_hash: 5443836acc5bb9478d9d93c8178cd52a0a53be13470e006656d751e96cf33f9c
    dependencies:
    - name: 78/uart-uhci
      registry_url: https://components.espressif.com
      require: private
      rules:
      - if: target not in [esp32]
      version: ^0.3.2
    - matches:
      - if: idf_version >=6.0
      name: espressif/mqtt
      registry_url: https://components.espressif.com
      require: private
      version: ^1.0.0
    - name: idf
      require: private
      version: '>=5.5.2'
    source:
      registry_url: https://components.espressif.com/
      type: service
    version: 3.6.6
  78/esp-wifi-connect:
    component_hash: 3f18f4242db04ea25043980bf9a9412cd83826c53f0d131ffb4343d3b0cf4568
    dependencies:
    - matches:
      - if: idf_version >=6.0
      name: espressif/cjson
      registry_url: https://components.espressif.com
      require: private
      version: ^1.7.19
    - name: idf
      require: private
      version: '>=5.3'
    source:
      registry_url: https://components.espressif.com/
      type: service
    version: 3.2.2
  78/uart-uhci:
    component_hash: efc6cbf8e6bc7724bfd4fcc58c4aec64636093b857526cc8d4dc17321f4b17cf
    dependencies:
    - name: idf
      require: private
      version: '>=5.5.2'
    source:
      registry_url: https://components.espressif.com
      type: service
    version: 0.3.2
  78/xiaozhi-fonts:
    component_hash: 3f4f9fa5dcb703208bf22e46a185bb2b4cc9d002b9474b90f7c77e55e0ac541a
    dependencies:
    - name: idf
      require: private
      version: '>=5.5.2'
    - name: lvgl/lvgl
      registry_url: https://components.espressif.com
      require: private
      version: ~9.5.0
    source:
      registry_url: https://components.espressif.com/
      type: service
    version: 2.0.0
  espressif/button:
    component_hash: ad64de1d1b8aa139564810a8519b2f1ac275a560a512479ee94c1b6983469d4b
    dependencies:
    - name: espressif/cmake_utilities
      registry_url: https://components.espressif.com
      require: private
      version: '*'
    - name: idf
      require: private
      version: '>=4.0'
    source:
      registry_url: https://components.espressif.com/
      type: service
    version: 4.2.0
  espressif/cjson:
    component_hash: e788323270d90738662d66fffa910bfe1fba019bba087f01557e70c40485b469
    dependencies:
    - name: idf
      require: private
      version: '>=5.0'
    source:
      registry_url: https://components.espressif.com
      type: service
    version: 1.7.19~2
  espressif/cmake_utilities:
    component_hash: 12be4a3fa6082b923040ac65aacdaa6cc03c30902673ff525100c80da1430a4e
    dependencies:
    - name: idf
      require: private
      version: '>=4.1'
    source:
      registry_url: https://components.espressif.com
      type: service
    version: 0.5.0
  espressif/esp_audio_codec:
    component_hash: 16e2880dbdd5a72264051f750f33a6e5a38fd25621c83e3a32a85a152d2d2643
    dependencies:
    - name: idf
      require: private
      version: '>=4.4'
    source:
      registry_url: https://components.espressif.com/
      type: service
    version: 2.5.0
  espressif/esp_audio_effects:
    component_hash: 6ad72ee106e25b07c9ae5b8ec77b566ef8d697473095f1c982e13247005b9ba6
    dependencies:
    - name: espressif/gmf_fft
      registry_url: https://components.espressif.com
      require: private
      version: ~1.0
    source:
      registry_url: https://components.espressif.com/
      type: service
    version: 1.3.0~1
  espressif/esp_codec_dev:
    component_hash: df70f10af8d7b922add7b9d07372c9c97ab356e58d72b7a892050227c2d44348
    dependencies:
    - name: idf
      require: private
      version: '>=4.0'
    source:
      registry_url: https://components.espressif.com/
      type: service
    version: 1.5.11
  espressif/esp_image_effects:
    component_hash: a9a9a18173dc338f94559e61ebbfc1aeff5ebb2f7703e7e3d2431c5bb3450fe6
    dependencies:
    - name: idf
      require: private
      version: '>=5.0'
    source:
      registry_url: https://components.espressif.com/
      type: service
    version: 1.1.0
  espressif/esp_lcd_touch:
    component_hash: 3f85a7d95af876f1a6ecca8eb90a81614890d0f03a038390804e5a77e2caf862
    dependencies:
    - name: idf
      require: private
      version: '>=4.4.2'
    source:
      registry_url: https://components.espressif.com
      type: service
    version: 1.2.1
  espressif/esp_lvgl_port:
    component_hash: fb6c1fdfe70d4ca39a035d63ca394a35f17ec84ce16ff98ecb13a54155d75da4
    dependencies:
    - name: idf
      require: private
      version: '>=5.2'
    - name: lvgl/lvgl
      registry_url: https://components.espressif.com
      require: public
      version: '>=8,<10'
    source:
      registry_url: https://components.espressif.com/
      type: service
    version: 2.8.0~1
  espressif/esp_mmap_assets:
    component_hash: 91d785326b03db15e2f7f1314d8c976d38f21aa5759b570dcbbc89bcf247fd27
    dependencies:
    - name: espressif/cmake_utilities
      registry_url: https://components.espressif.com
      require: private
      version: 0.*
    - name: idf
      require: private
      version: '>=5.0'
    source:
      registry_url: https://components.espressif.com/
      type: service
    version: 1.4.0
  espressif/esp_new_jpeg:
    component_hash: e1e7e6991193c41ed6c9fc386702aa7821433319e7aa9c3147cd3236310cd69c
    dependencies: []
    source:
      registry_url: https://components.espressif.com/
      type: service
    targets:
    - esp32
    - esp32s2
    - esp32s3
    - esp32s31
    - esp32p4
    - esp32c2
    - esp32c3
    - esp32c5
    - esp32c6
    - esp32c61
    - esp32h4
    version: 1.0.2
  espressif/freetype:
    component_hash: aa9f7657a69b2b1c1f49044017fc424081d4e0fe6e97834cb43883548d44e3ca
    dependencies:
    - name: idf
      require: private
      version: '>=5.1'
    source:
      registry_url: https://components.espressif.com
      type: service
    version: 2.14.3~1
  espressif/gmf_fft:
    component_hash: b59451ef2f96d22b80c27a162515b21f1b85954dda434c0b092172164028779d
    dependencies: []
    source:
      registry_url: https://components.espressif.com
      type: service
    version: 1.0.0
  espressif/led_strip:
    component_hash: 28621486f77229aaf81c71f5e15d6fbf36c2949cf11094e07090593e659e7639
    dependencies:
    - name: idf
      require: private
      version: '>=5.0'
    source:
      registry_url: https://components.espressif.com/
      type: service
    version: 3.0.3
  espressif2022/esp_emote_assets:
    component_hash: 1f1ed784c66234e6643b7865f9b1e117bdc71cb5b6c2208b720ea485db76e53a
    dependencies:
    - name: idf
      require: private
      version: '>=5.0'
    source:
      registry_url: https://components.espressif.com
      type: service
    version: 0.1.2
  espressif2022/esp_emote_expression:
    component_hash: b03d030686f7c4e0aa369f3613926f01ed96c3127e94bc8e5b477fa5ba7ada02
    dependencies:
    - name: espressif/cjson
      registry_url: https://components.espressif.com
      require: public
      version: ^1.7.19
    - name: espressif/cmake_utilities
      registry_url: https://components.espressif.com
      require: public
      version: 0.5.0
    - name: espressif/esp_mmap_assets
      registry_url: https://components.espressif.com
      require: public
      version: 1.*
    - name: espressif2022/esp_emote_assets
      registry_url: https://components.espressif.com
      require: private
      version: ^0.1.0
    - name: espressif2022/esp_emote_gfx
      registry_url: https://components.espressif.com
      require: public
      version: <=3.0.5
    - name: idf
      require: private
      version: '>=5.0'
    source:
      registry_url: https://components.espressif.com/
      type: service
    version: 1.0.2
  espressif2022/esp_emote_gfx:
    component_hash: a06a58c74f7deb4186460f27f5e6db52fda4c254d7e03c3e05e7987aaf73de1a
    dependencies:
    - name: espressif/cmake_utilities
      registry_url: https://components.espressif.com
      require: private
      version: 0.*
    - name: espressif/esp_lcd_touch
      registry_url: https://components.espressif.com
      require: public
      version: '>=1.0'
    - name: espressif/esp_new_jpeg
      registry_url: https://components.espressif.com
      require: public
      version: 1.*
    - name: espressif/freetype
      registry_url: https://components.espressif.com
      require: private
      version: 2.*
    - name: idf
      require: private
      version: '>=5.0'
    - name: laride/heatshrink
      registry_url: https://components.espressif.com
      require: private
      version: ^0.4.1
    - name: lvgl/lvgl
      registry_url: https://components.espressif.com
      require: public
      version: '*'
    source:
      registry_url: https://components.espressif.com
      type: service
    version: 3.0.5
  espressif2022/image_player:
    component_hash: 0e42ed1c9665debd15f2f3e7e56519100e75e446410962226cb5e5402da3fa43
    dependencies:
    - name: espressif/cmake_utilities
      registry_url: https://components.espressif.com
      require: private
      version: 0.*
    - name: idf
      require: private
      version: '>=5.0'
    source:
      registry_url: https://components.espressif.com/
      type: service
    version: 1.1.1
  idf:
    source:
      type: idf
    version: 5.5.5
  laride/heatshrink:
    component_hash: 0828b0fea3f0754f8404a5279e883c52fe27494bbe1762e38d5cd96c99229e47
    dependencies:
    - name: idf
      require: private
      version: '>=5'
    source:
      registry_url: https://components.espressif.com
      type: service
    version: 0.4.1
  lvgl/lvgl:
    component_hash: 184e532558c1c45fefed631f3e235423d22582aafb4630f3e8885c35281a49ae
    dependencies: []
    source:
      registry_url: https://components.espressif.com/
      type: service
    version: 9.5.0
direct_dependencies:
- 78/esp-ml307
- 78/esp-wifi-connect
- 78/xiaozhi-fonts
- espressif/button
- espressif/esp_audio_codec
- espressif/esp_audio_effects
- espressif/esp_codec_dev
- espressif/esp_image_effects
- espressif/esp_lvgl_port
- espressif/esp_mmap_assets
- espressif/esp_new_jpeg
- espressif/led_strip
- espressif2022/esp_emote_expression
- espressif2022/image_player
- idf
- lvgl/lvgl
manifest_hash: 1555bd37014f5a383da290f1d4077fb2f5d4e33df74c16ffaad4dcad427a98b9
target: esp32c3
version: 2.0.0
